
Microsoft Visual Studio Solution File, Format Version 12.00
# Visual Studio Version 16
VisualStudioVersion = 16.0.30717.126
MinimumVisualStudioVersion = 10.0.40219.1
Project("{FAE04EC0-301F-11D3-BF4B-00C04F79EFBC}") = "POE-Final", "POE-Final\POE-Final.csproj", "{5578D415-5E17-4F4C-ACBF-519B2AD5EFDA}"
EndProject
Global
	GlobalSection(SolutionConfigurationPlatforms) = preSolution
		Debug|Any CPU = Debug|Any CPU
		Release|Any CPU = Release|Any CPU
	EndGlobalSection
	GlobalSection(ProjectConfigurationPlatforms) = postSolution
		{5578D415-5E17-4F4C-ACBF-519B2AD5EFDA}.Debug|Any CPU.ActiveCfg = Debug|Any CPU
		{5578D415-5E17-4F4C-ACBF-519B2AD5EFDA}.Debug|Any CPU.Build.0 = Debug|Any CPU
		{5578D415-5E17-4F4C-ACBF-519B2AD5EFDA}.Release|Any CPU.ActiveCfg = Release|Any CPU
		{5578D415-5E17-4F4C-ACBF-519B2AD5EFDA}.Release|Any CPU.Build.0 = Release|Any CPU
	EndGlobalSection
	GlobalSection(SolutionProperties) = preSolution
		HideSolutionNode = FALSE
	EndGlobalSection
	GlobalSection(ExtensibilityGlobals) = postSolution
		SolutionGuid = {AA4FA4C7-D973-407A-A34E-F81881660777}
	EndGlobalSection
EndGlobal
